
Microsoft Visual Studio Solution File, Format Version 12.00
# Visual Studio Version 17
VisualStudioVersion = 17.4.33205.214
MinimumVisualStudioVersion = 10.0.40219.1
Project("{FAE04EC0-301F-11D3-BF4B-00C04F79EFBC}") = "MyAppWeb", "MyAppWeb\MyAppWeb.csproj", "{00D2277A-1D8B-4E30-98B5-2176146870BA}"
EndProject
Global
	GlobalSection(SolutionConfigurationPlatforms) = preSolution
		Debug|Any CPU = Debug|Any CPU
		Release|Any CPU = Release|Any CPU
	EndGlobalSection
	GlobalSection(ProjectConfigurationPlatforms) = postSolution
		{00D2277A-1D8B-4E30-98B5-2176146870BA}.Debug|Any CPU.ActiveCfg = Debug|Any CPU
		{00D2277A-1D8B-4E30-98B5-2176146870BA}.Debug|Any CPU.Build.0 = Debug|Any CPU
		{00D2277A-1D8B-4E30-98B5-2176146870BA}.Release|Any CPU.ActiveCfg = Release|Any CPU
		{00D2277A-1D8B-4E30-98B5-2176146870BA}.Release|Any CPU.Build.0 = Release|Any CPU
	EndGlobalSection
	GlobalSection(SolutionProperties) = preSolution
		HideSolutionNode = FALSE
	EndGlobalSection
	GlobalSection(ExtensibilityGlobals) = postSolution
		SolutionGuid = {32706CE9-F73F-44C7-92E9-0B1AA57E52DB}
	EndGlobalSection
EndGlobal
